// !$*UTF8*$!
{
	archiveVersion = 1;
	classes = {
	};
	objectVersion = 50;
	objects = {

/* Begin PBXBuildFile section */
		0EE17A1E2716D01000C4B2BE /* AppDelegate.swift in Sources */ = {isa = PBXBuildFile; fileRef = 0EE17A1D2716D01000C4B2BE /* AppDelegate.swift */; };
		0EE17A202716D01000C4B2BE /* SceneDelegate.swift in Sources */ = {isa = PBXBuildFile; fileRef = 0EE17A1F2716D01000C4B2BE /* SceneDelegate.swift */; };
		0EE17A222716D01000C4B2BE /* ViewController.swift in Sources */ = {isa = PBXBuildFile; fileRef = 0EE17A212716D01000C4B2BE /* ViewController.swift */; };
		0EE17A252716D01000C4B2BE /* Main.storyboard in Resources */ = {isa = PBXBuildFile; fileRef = 0EE17A232716D01000C4B2BE /* Main.storyboard */; };
		0EE17A272716D01100C4B2BE /* Assets.xcassets in Resources */ = {isa = PBXBuildFile; fileRef = 0EE17A262716D01100C4B2BE /* Assets.xcassets */; };
		0EE17A2A2716D01100C4B2BE /* LaunchScreen.storyboard in Resources */ = {isa = PBXBuildFile; fileRef = 0EE17A282716D01100C4B2BE /* LaunchScreen.storyboard */; };
		0EE17A322716D6C800C4B2BE /* EnlargedImageViewController.swift in Sources */ = {isa = PBXBuildFile; fileRef = 0EE17A312716D6C800C4B2BE /* EnlargedImageViewController.swift */; };
		0EE17A392716DA6500C4B2BE /* 2.jpeg in Resources */ = {isa = PBXBuildFile; fileRef = 0EE17A332716DA6500C4B2BE /* 2.jpeg */; };
		0EE17A3A2716DA6500C4B2BE /* 3.jpeg in Resources */ = {isa = PBXBuildFile; fileRef = 0EE17A342716DA6500C4B2BE /* 3.jpeg */; };
		0EE17A3B2716DA6500C4B2BE /* 5.jpeg in Resources */ = {isa = PBXBuildFile; fileRef = 0EE17A352716DA6500C4B2BE /* 5.jpeg */; };
		0EE17A3C2716DA6500C4B2BE /* 1.jpeg in Resources */ = {isa = PBXBuildFile; fileRef = 0EE17A362716DA6500C4B2BE /* 1.jpeg */; };
		0EE17A3D2716DA6500C4B2BE /* 4.jpeg in Resources */ = {isa = PBXBuildFile; fileRef = 0EE17A372716DA6500C4B2BE /* 4.jpeg */; };
		0EE17A3E2716DA6500C4B2BE /* 0.jpeg in Resources */ = {isa = PBXBuildFile; fileRef = 0EE17A382716DA6500C4B2BE /* 0.jpeg */; };
/* End PBXBuildFile section */

/* Begin PBXFileReference section */
		0EE17A1A2716D01000C4B2BE /* SlideshowApp.app */ = {isa = PBXFileReference; explicitFileType = wrapper.application; includeInIndex = 0; path = SlideshowApp.app; sourceTree = BUILT_PRODUCTS_DIR; };
		0EE17A1D2716D01000C4B2BE /* AppDelegate.swift */ = {isa = PBXFileReference; lastKnownFileType = sourcecode.swift; path = AppDelegate.swift; sourceTree = "<group>"; };
		0EE17A1F2716D01000C4B2BE /* SceneDelegate.swift */ = {isa = PBXFileReference; lastKnownFileType = sourcecode.swift; path = SceneDelegate.swift; sourceTree = "<group>"; };
		0EE17A212716D01000C4B2BE /* ViewController.swift */ = {isa = PBXFileReference; lastKnownFileType = sourcecode.swift; path = ViewController.swift; sourceTree = "<group>"; };
		0EE17A242716D01000C4B2BE /* Base */ = {isa = PBXFileReference; lastKnownFileType = file.storyboard; name = Base; path = Base.lproj/Main.storyboard; sourceTree = "<group>"; };
		0EE17A262716D01100C4B2BE /* Assets.xcassets */ = {isa = PBXFileReference; lastKnownFileType = folder.assetcatalog; path = Assets.xcassets; sourceTree = "<group>"; };
		0EE17A292716D01100C4B2BE /* Base */ = {isa = PBXFileReference; lastKnownFileType = file.storyboard; name = Base; path = Base.lproj/LaunchScreen.storyboard; sourceTree = "<group>"; };
		0EE17A2B2716D01100C4B2BE /* Info.plist */ = {isa = PBXFileReference; lastKnownFileType = text.plist.xml; path = Info.plist; sourceTree = "<group>"; };
		0EE17A312716D6C800C4B2BE /* EnlargedImageViewController.swift */ = {isa = PBXFileReference; lastKnownFileType = sourcecode.swift; path = EnlargedImageViewController.swift; sourceTree = "<group>"; };
		0EE17A332716DA6500C4B2BE /* 2.jpeg */ = {isa = PBXFileReference; lastKnownFileType = image.jpeg; path = 2.jpeg; sourceTree = "<group>"; };
		0EE17A342716DA6500C4B2BE /* 3.jpeg */ = {isa = PBXFileReference; lastKnownFileType = image.jpeg; path = 3.jpeg; sourceTree = "<group>"; };
		0EE17A352716DA6500C4B2BE /* 5.jpeg */ = {isa = PBXFileReference; lastKnownFileType = image.jpeg; path = 5.jpeg; sourceTree = "<group>"; };
		0EE17A362716DA6500C4B2BE /* 1.jpeg */ = {isa = PBXFileReference; lastKnownFileType = image.jpeg; path = 1.jpeg; sourceTree = "<group>"; };
		0EE17A372716DA6500C4B2BE /* 4.jpeg */ = {isa = PBXFileReference; lastKnownFileType = image.jpeg; path = 4.jpeg; sourceTree = "<group>"; };
		0EE17A382716DA6500C4B2BE /* 0.jpeg */ = {isa = PBXFileReference; lastKnownFileType = image.jpeg; path = 0.jpeg; sourceTree = "<group>"; };
/* End PBXFileReference section */

/* Begin PBXFrameworksBuildPhase section */
		0EE17A172716D01000C4B2BE /* Frameworks */ = {
			isa = PBXFrameworksBuildPhase;
			buildActionMask = 2147483647;
			files = (
			);
			runOnlyForDeploymentPostprocessing = 0;
		};
/* End PBXFrameworksBuildPhase section */

/* Begin PBXGroup section */
		0EE17A112716D01000C4B2BE = {
			isa = PBXGroup;
			children = (
				0EE17A1C2716D01000C4B2BE /* SlideshowApp */,
				0EE17A1B2716D01000C4B2BE /* Products */,
			);
			sourceTree = "<group>";
		};
		0EE17A1B2716D01000C4B2BE /* Products */ = {
			isa = PBXGroup;
			children = (
				0EE17A1A2716D01000C4B2BE /* SlideshowApp.app */,
			);
			name = Products;
			sourceTree = "<group>";
		};
		0EE17A1C2716D01000C4B2BE /* SlideshowApp */ = {
			isa = PBXGroup;
			children = (
				0EE17A1D2716D01000C4B2BE /* AppDelegate.swift */,
				0EE17A1F2716D01000C4B2BE /* SceneDelegate.swift */,
				0EE17A212716D01000C4B2BE /* ViewController.swift */,
				0EE17A312716D6C800C4B2BE /* EnlargedImageViewController.swift */,
				0EE17A232716D01000C4B2BE /* Main.storyboard */,
				0EE17A262716D01100C4B2BE /* Assets.xcassets */,
				0EE17A282716D01100C4B2BE /* LaunchScreen.storyboard */,
				0EE17A2B2716D01100C4B2BE /* Info.plist */,
				0EE17A382716DA6500C4B2BE /* 0.jpeg */,
				0EE17A362716DA6500C4B2BE /* 1.jpeg */,
				0EE17A332716DA6500C4B2BE /* 2.jpeg */,
				0EE17A342716DA6500C4B2BE /* 3.jpeg */,
				0EE17A372716DA6500C4B2BE /* 4.jpeg */,
				0EE17A352716DA6500C4B2BE /* 5.jpeg */,
			);
			path = SlideshowApp;
			sourceTree = "<group>";
		};
/* End PBXGroup section */

/* Begin PBXNativeTarget section */
		0EE17A192716D01000C4B2BE /* SlideshowApp */ = {
			isa = PBXNativeTarget;
			buildConfigurationList = 0EE17A2E2716D01100C4B2BE /* Build configuration list for PBXNativeTarget "SlideshowApp" */;
			buildPhases = (
				0EE17A162716D01000C4B2BE /* Sources */,
				0EE17A172716D01000C4B2BE /* Frameworks */,
				0EE17A182716D01000C4B2BE /* Resources */,
			);
			buildRules = (
			);
			dependencies = (
			);
			name = SlideshowApp;
			productName = SlideshowApp;
			productReference = 0EE17A1A2716D01000C4B2BE /* SlideshowApp.app */;
			productType = "com.apple.product-type.application";
		};
/* End PBXNativeTarget section */

/* Begin PBXProject section */
		0EE17A122716D01000C4B2BE /* Project object */ = {
			isa = PBXProject;
			attributes = {
				LastSwiftUpdateCheck = 1250;
				LastUpgradeCheck = 1250;
				TargetAttributes = {
					0EE17A192716D01000C4B2BE = {
						CreatedOnToolsVersion = 12.5.1;
					};
				};
			};
			buildConfigurationList = 0EE17A152716D01000C4B2BE /* Build configuration list for PBXProject "SlideshowApp" */;
			compatibilityVersion = "Xcode 9.3";
			developmentRegion = en;
			hasScannedForEncodings = 0;
			knownRegions = (
				en,
				Base,
			);
			mainGroup = 0EE17A112716D01000C4B2BE;
			productRefGroup = 0EE17A1B2716D01000C4B2BE /* Products */;
			projectDirPath = "";
			projectRoot = "";
			targets = (
				0EE17A192716D01000C4B2BE /* SlideshowApp */,
			);
		};
/* End PBXProject section */

/* Begin PBXResourcesBuildPhase section */
		0EE17A182716D01000C4B2BE /* Resources */ = {
			isa = PBXResourcesBuildPhase;
			buildActionMask = 2147483647;
			files = (
				0EE17A3D2716DA6500C4B2BE /* 4.jpeg in Resources */,
				0EE17A3A2716DA6500C4B2BE /* 3.jpeg in Resources */,
				0EE17A2A2716D01100C4B2BE /* LaunchScreen.storyboard in Resources */,
				0EE17A3B2716DA6500C4B2BE /* 5.jpeg in Resources */,
				0EE17A3E2716DA6500C4B2BE /* 0.jpeg in Resources */,
				0EE17A272716D01100C4B2BE /* Assets.xcassets in Resources */,
				0EE17A252716D01000C4B2BE /* Main.storyboard in Resources */,
				0EE17A3C2716DA6500C4B2BE /* 1.jpeg in Resources */,
				0EE17A392716DA6500C4B2BE /* 2.jpeg in Resources */,
			);
			runOnlyForDeploymentPostprocessing = 0;
		};
/* End PBXResourcesBuildPhase section */

/* Begin PBXSourcesBuildPhase section */
		0EE17A162716D01000C4B2BE /* Sources */ = {
			isa = PBXSourcesBuildPhase;
			buildActionMask = 2147483647;
			files = (
				0EE17A322716D6C800C4B2BE /* EnlargedImageViewController.swift in Sources */,
				0EE17A222716D01000C4B2BE /* ViewController.swift in Sources */,
				0EE17A1E2716D01000C4B2BE /* AppDelegate.swift in Sources */,
				0EE17A202716D01000C4B2BE /* SceneDelegate.swift in Sources */,
			);
			runOnlyForDeploymentPostprocessing = 0;
		};
/* End PBXSourcesBuildPhase section */

/* Begin PBXVariantGroup section */
		0EE17A232716D01000C4B2BE /* Main.storyboard */ = {
			isa = PBXVariantGroup;
			children = (
				0EE17A242716D01000C4B2BE /* Base */,
			);
			name = Main.storyboard;
			sourceTree = "<group>";
		};
		0EE17A282716D01100C4B2BE /* LaunchScreen.storyboard */ = {
			isa = PBXVariantGroup;
			children = (
				0EE17A292716D01100C4B2BE /* Base */,
			);
			name = LaunchScreen.storyboard;
			sourceTree = "<group>";
		};
/* End PBXVariantGroup section */

/* Begin XCBuildConfiguration section */
		0EE17A2C2716D01100C4B2BE /* Debug */ = {
			isa = XCBuildConfiguration;
			buildSettings = {
				ALWAYS_SEARCH_USER_PATHS = NO;
				CLANG_ANALYZER_NONNULL = YES;
				CLANG_ANALYZER_NUMBER_OBJECT_CONVERSION = YES_AGGRESSIVE;
				CLANG_CXX_LANGUAGE_STANDARD = "gnu++14";
				CLANG_CXX_LIBRARY = "libc++";
				CLANG_ENABLE_MODULES = YES;
				CLANG_ENABLE_OBJC_ARC = YES;
				CLANG_ENABLE_OBJC_WEAK = YES;
				CLANG_WARN_BLOCK_CAPTURE_AUTORELEASING = YES;
				CLANG_WARN_BOOL_CONVERSION = YES;
				CLANG_WARN_COMMA = YES;
				CLANG_WARN_CONSTANT_CONVERSION = YES;
				CLANG_WARN_DEPRECATED_OBJC_IMPLEMENTATIONS = YES;
				CLANG_WARN_DIRECT_OBJC_ISA_USAGE = YES_ERROR;
				CLANG_WARN_DOCUMENTATION_COMMENTS = YES;
				CLANG_WARN_EMPTY_BODY = YES;
				CLANG_WARN_ENUM_CONVERSION = YES;
				CLANG_WARN_INFINITE_RECURSION = YES;
				CLANG_WARN_INT_CONVERSION = YES;
				CLANG_WARN_NON_LITERAL_NULL_CONVERSION = YES;
				CLANG_WARN_OBJC_IMPLICIT_RETAIN_SELF = YES;
				CLANG_WARN_OBJC_LITERAL_CONVERSION = YES;
				CLANG_WARN_OBJC_ROOT_CLASS = YES_ERROR;
				CLANG_WARN_QUOTED_INCLUDE_IN_FRAMEWORK_HEADER = YES;
				CLANG_WARN_RANGE_LOOP_ANALYSIS = YES;
				CLANG_WARN_STRICT_PROTOTYPES = YES;
				CLANG_WARN_SUSPICIOUS_MOVE = YES;
				CLANG_WARN_UNGUARDED_AVAILABILITY = YES_AGGRESSIVE;
				CLANG_WARN_UNREACHABLE_CODE = YES;
				CLANG_WARN__DUPLICATE_METHOD_MATCH = YES;
				COPY_PHASE_STRIP = NO;
				DEBUG_INFORMATION_FORMAT = dwarf;
				ENABLE_STRICT_OBJC_MSGSEND = YES;
				ENABLE_TESTABILITY = YES;
				GCC_C_LANGUAGE_STANDARD = gnu11;
				GCC_DYNAMIC_NO_PIC = NO;
				GCC_NO_COMMON_BLOCKS = YES;
				GCC_OPTIMIZATION_LEVEL = 0;
				GCC_PREPROCESSOR_DEFINITIONS = (
					"DEBUG=1",
					"$(inherited)",
				);
				GCC_WARN_64_TO_32_BIT_CONVERSION = YES;
				GCC_WARN_ABOUT_RETURN_TYPE = YES_ERROR;
				GCC_WARN_UNDECLARED_SELECTOR = YES;
				GCC_WARN_UNINITIALIZED_AUTOS = YES_AGGRESSIVE;
				GCC_WARN_UNUSED_FUNCTION = YES;
				GCC_WARN_UNUSED_VARIABLE = YES;
				IPHONEOS_DEPLOYMENT_TARGET = 14.5;
				MTL_ENABLE_DEBUG_INFO = INCLUDE_SOURCE;
				MTL_FAST_MATH = YES;
				ONLY_ACTIVE_ARCH = YES;
				SDKROOT = iphoneos;
				SWIFT_ACTIVE_COMPILATION_CONDITIONS = DEBUG;
				SWIFT_OPTIMIZATION_LEVEL = "-Onone";
			};
			name = Debug;
		};
		0EE17A2D2716D01100C4B2BE /* Release */ = {
			isa = XCBuildConfiguration;
			buildSettings = {
				ALWAYS_SEARCH_USER_PATHS = NO;
				CLANG_ANALYZER_NONNULL = YES;
				CLANG_ANALYZER_NUMBER_OBJECT_CONVERSION = YES_AGGRESSIVE;
				CLANG_CXX_LANGUAGE_STANDARD = "gnu++14";
				CLANG_CXX_LIBRARY = "libc++";
				CLANG_ENABLE_MODULES = YES;
				CLANG_ENABLE_OBJC_ARC = YES;
				CLANG_ENABLE_OBJC_WEAK = YES;
				CLANG_WARN_BLOCK_CAPTURE_AUTORELEASING = YES;
				CLANG_WARN_BOOL_CONVERSION = YES;
				CLANG_WARN_COMMA = YES;
				CLANG_WARN_CONSTANT_CONVERSION = YES;
				CLANG_WARN_DEPRECATED_OBJC_IMPLEMENTATIONS = YES;
				CLANG_WARN_DIRECT_OBJC_ISA_USAGE = YES_ERROR;
				CLANG_WARN_DOCUMENTATION_COMMENTS = YES;
				CLANG_WARN_EMPTY_BODY = YES;
				CLANG_WARN_ENUM_CONVERSION = YES;
				CLANG_WARN_INFINITE_RECURSION = YES;
				CLANG_WARN_INT_CONVERSION = YES;
				CLANG_WARN_NON_LITERAL_NULL_CONVERSION = YES;
				CLANG_WARN_OBJC_IMPLICIT_RETAIN_SELF = YES;
				CLANG_WARN_OBJC_LITERAL_CONVERSION = YES;
				CLANG_WARN_OBJC_ROOT_CLASS = YES_ERROR;
				CLANG_WARN_QUOTED_INCLUDE_IN_FRAMEWORK_HEADER = YES;
				CLANG_WARN_RANGE_LOOP_ANALYSIS = YES;
				CLANG_WARN_STRICT_PROTOTYPES = YES;
				CLANG_WARN_SUSPICIOUS_MOVE = YES;
				CLANG_WARN_UNGUARDED_AVAILABILITY = YES_AGGRESSIVE;
				CLANG_WARN_UNREACHABLE_CODE = YES;
				CLANG_WARN__DUPLICATE_METHOD_MATCH = YES;
				COPY_PHASE_STRIP = NO;
				DEBUG_INFORMATION_FORMAT = "dwarf-with-dsym";
				ENABLE_NS_ASSERTIONS = NO;
				ENABLE_STRICT_OBJC_MSGSEND = YES;
				GCC_C_LANGUAGE_STANDARD = gnu11;
				GCC_NO_COMMON_BLOCKS = YES;
				GCC_WARN_64_TO_32_BIT_CONVERSION = YES;
				GCC_WARN_ABOUT_RETURN_TYPE = YES_ERROR;
				GCC_WARN_UNDECLARED_SELECTOR = YES;
				GCC_WARN_UNINITIALIZED_AUTOS = YES_AGGRESSIVE;
				GCC_WARN_UNUSED_FUNCTION = YES;
				GCC_WARN_UNUSED_VARIABLE = YES;
				IPHONEOS_DEPLOYMENT_TARGET = 14.5;
				MTL_ENABLE_DEBUG_INFO = NO;
				MTL_FAST_MATH = YES;
				SDKROOT = iphoneos;
				SWIFT_COMPILATION_MODE = wholemodule;
				SWIFT_OPTIMIZATION_LEVEL = "-O";
				VALIDATE_PRODUCT = YES;
			};
			name = Release;
		};
		0EE17A2F2716D01100C4B2BE /* Debug */ = {
			isa = XCBuildConfiguration;
			buildSettings = {
				ASSETCATALOG_COMPILER_APPICON_NAME = AppIcon;
				ASSETCATALOG_COMPILER_GLOBAL_ACCENT_COLOR_NAME = AccentColor;
				CODE_SIGN_STYLE = Automatic;
				DEVELOPMENT_TEAM = GYGUJ4MF7T;
				INFOPLIST_FILE = SlideshowApp/Info.plist;
				LD_RUNPATH_SEARCH_PATHS = (
					"$(inherited)",
					"@executable_path/Frameworks",
				);
				PRODUCT_BUNDLE_IDENTIFIER = com.techacademy.makoto.esaki.SlideshowApp;
				PRODUCT_NAME = "$(TARGET_NAME)";
				SWIFT_VERSION = 5.0;
				TARGETED_DEVICE_FAMILY = "1,2";
			};
			name = Debug;
		};
		0EE17A302716D01100C4B2BE /* Release */ = {
			isa = XCBuildConfiguration;
			buildSettings = {
				ASSETCATALOG_COMPILER_APPICON_NAME = AppIcon;
				ASSETCATALOG_COMPILER_GLOBAL_ACCENT_COLOR_NAME = AccentColor;
				CODE_SIGN_STYLE = Automatic;
				DEVELOPMENT_TEAM = GYGUJ4MF7T;
				INFOPLIST_FILE = SlideshowApp/Info.plist;
				LD_RUNPATH_SEARCH_PATHS = (
					"$(inherited)",
					"@executable_path/Frameworks",
				);
				PRODUCT_BUNDLE_IDENTIFIER = com.techacademy.makoto.esaki.SlideshowApp;
				PRODUCT_NAME = "$(TARGET_NAME)";
				SWIFT_VERSION = 5.0;
				TARGETED_DEVICE_FAMILY = "1,2";
			};
			name = Release;
		};
/* End XCBuildConfiguration section */

/* Begin XCConfigurationList section */
		0EE17A152716D01000C4B2BE /* Build configuration list for PBXProject "SlideshowApp" */ = {
			isa = XCConfigurationList;
			buildConfigurations = (
				0EE17A2C2716D01100C4B2BE /* Debug */,
				0EE17A2D2716D01100C4B2BE /* Release */,
			);
			defaultConfigurationIsVisible = 0;
			defaultConfigurationName = Release;
		};
		0EE17A2E2716D01100C4B2BE /* Build configuration list for PBXNativeTarget "SlideshowApp" */ = {
			isa = XCConfigurationList;
			buildConfigurations = (
				0EE17A2F2716D01100C4B2BE /* Debug */,
				0EE17A302716D01100C4B2BE /* Release */,
			);
			defaultConfigurationIsVisible = 0;
			defaultConfigurationName = Release;
		};
/* End XCConfigurationList section */
	};
	rootObject = 0EE17A122716D01000C4B2BE /* Project object */;
}
